
Microsoft Visual Studio Solution File, Format Version 12.00
# Visual Studio Version 17
VisualStudioVersion = 17.8.34525.116
MinimumVisualStudioVersion = 10.0.40219.1
Project("{FAE04EC0-301F-11D3-BF4B-00C04F79EFBC}") = "OOp lab 5", "OOp lab 5\OOp lab 5.csproj", "{403F6140-49AF-404F-9DB6-CAD016254DAE}"
EndProject
Global
	GlobalSection(SolutionConfigurationPlatforms) = preSolution
		Debug|Any CPU = Debug|Any CPU
		Release|Any CPU = Release|Any CPU
	EndGlobalSection
	GlobalSection(ProjectConfigurationPlatforms) = postSolution
		{403F6140-49AF-404F-9DB6-CAD016254DAE}.Debug|Any CPU.ActiveCfg = Debug|Any CPU
		{403F6140-49AF-404F-9DB6-CAD016254DAE}.Debug|Any CPU.Build.0 = Debug|Any CPU
		{403F6140-49AF-404F-9DB6-CAD016254DAE}.Release|Any CPU.ActiveCfg = Release|Any CPU
		{403F6140-49AF-404F-9DB6-CAD016254DAE}.Release|Any CPU.Build.0 = Release|Any CPU
	EndGlobalSection
	GlobalSection(SolutionProperties) = preSolution
		HideSolutionNode = FALSE
	EndGlobalSection
	GlobalSection(ExtensibilityGlobals) = postSolution
		SolutionGuid = {827BBFED-65EF-4AA8-BC60-F0A7F5940CB9}
	EndGlobalSection
EndGlobal
